
Microsoft Visual Studio Solution File, Format Version 12.00
# Visual Studio Version 17
VisualStudioVersion = 17.7.34031.279
MinimumVisualStudioVersion = 10.0.40219.1
Project("{FAE04EC0-301F-11D3-BF4B-00C04F79EFBC}") = "GerardMiguel_Furbo", "GerardMiguel_Furbo\GerardMiguel_Furbo.csproj", "{153F7D77-1730-49F4-A2E0-A52D5EF6BF40}"
EndProject
Global
	GlobalSection(SolutionConfigurationPlatforms) = preSolution
		Debug|Any CPU = Debug|Any CPU
		Release|Any CPU = Release|Any CPU
	EndGlobalSection
	GlobalSection(ProjectConfigurationPlatforms) = postSolution
		{153F7D77-1730-49F4-A2E0-A52D5EF6BF40}.Debug|Any CPU.ActiveCfg = Debug|Any CPU
		{153F7D77-1730-49F4-A2E0-A52D5EF6BF40}.Debug|Any CPU.Build.0 = Debug|Any CPU
		{153F7D77-1730-49F4-A2E0-A52D5EF6BF40}.Release|Any CPU.ActiveCfg = Release|Any CPU
		{153F7D77-1730-49F4-A2E0-A52D5EF6BF40}.Release|Any CPU.Build.0 = Release|Any CPU
	EndGlobalSection
	GlobalSection(SolutionProperties) = preSolution
		HideSolutionNode = FALSE
	EndGlobalSection
	GlobalSection(ExtensibilityGlobals) = postSolution
		SolutionGuid = {2FF92017-E795-45DA-9BF0-307C414B3B04}
	EndGlobalSection
EndGlobal
